<Solution>
  <Folder Name="/Task0/">
    <Project Path="Tyuiu.SeitovAE.Sprint0.Task0.V0/Tyuiu.SeitovAE.Sprint0.Task0.V0.csproj" />
  </Folder>
  <Folder Name="/Task1/">
    <Project Path="Tyuiu.SeitovAE.Sprint0.Task1.V0/Tyuiu.SeitovAE.Sprint0.Task1.V0.csproj" Id="377e4c46-ba7b-48af-8523-af366f232730" />
  </Folder>
  <Folder Name="/Task2/">
    <Project Path="Tyuiu.SeitovAE.Sprint0.Task2.V0.Lib/Tyuiu.SeitovAE.Sprint0.Task2.V0.Lib.csproj" Id="acd218b2-b964-4df3-8a03-a372b5477466" />
    <Project Path="Tyuiu.SeitovAE.Sprint0.Task2.V0.Test/Tyuiu.SeitovAE.Sprint0.Task2.V0.Test.csproj" Id="e880b066-f6d8-46ed-ae70-4b950365bb46" />
    <Project Path="Tyuiu.SeitovAE.Sprint0.Task2.V0/Tyuiu.SeitovAE.Sprint0.Task2.V0.csproj" Id="7d0f0f7b-15f8-44df-b061-d19a2fef79c6" />
  </Folder>
  <Folder Name="/Task3/">
    <Project Path="Tyuiu.SeitovAE.Sprint0.Task3.V0.Lib/Tyuiu.SeitovAE.Sprint0.Task3.V0.Lib.csproj" Id="5c1e77e6-ada5-4f51-b990-f503f180d47f" />
    <Project Path="Tyuiu.SeitovAE.Sprint0.Task3.V0.Test/Tyuiu.SeitovAE.Sprint0.Task3.V0.Test.csproj" Id="46449d80-9837-43dd-a11c-897f2d2bf89e" />
    <Project Path="Tyuiu.SeitovAE.Sprint0.Task3.V0/Tyuiu.SeitovAE.Sprint0.Task3.V0.csproj" Id="85df44d0-3ef9-4061-a1d6-efe6f4bb47bf" />
  </Folder>
  <Folder Name="/Task4/">
    <Project Path="Tyuiu.SeitovAE.Sprint0.Task4.V0.Lib/Tyuiu.SeitovAE.Sprint0.Task4.V0.Lib.csproj" Id="cfcba892-89e2-4286-aa95-ea2a54a09ddb" />
    <Project Path="Tyuiu.SeitovAE.Sprint0.Task4.V0.Test/Tyuiu.SeitovAE.Sprint0.Task4.V0.Test.csproj" Id="29adcdb8-aeb6-4519-8ef8-435b041681df" />
    <Project Path="Tyuiu.SeitovAE.Sprint0.Task4.V0/Tyuiu.SeitovAE.Sprint0.Task4.V0.csproj" Id="3690371a-0e80-4de2-9958-aaeb26da58cd" />
  </Folder>
  <Folder Name="/Task5/">
    <Project Path="Tyuiu.SeitovAE.Sprint0.Task5.V0.Lib/Tyuiu.SeitovAE.Sprint0.Task5.V0.Lib.csproj" Id="de8b2b58-7baa-44c4-a635-26982b77fb53" />
    <Project Path="Tyuiu.SeitovAE.Sprint0.Task5.V0.Test/Tyuiu.SeitovAE.Sprint0.Task5.V0.Test.csproj" Id="9bb41ed7-76ee-4565-bf1b-548689610d15" />
    <Project Path="Tyuiu.SeitovAE.Sprint0.Task5.V0/Tyuiu.SeitovAE.Sprint0.Task5.V0.csproj" Id="1817268f-38b5-4289-a847-da7241300d8d" />
  </Folder>
  <Folder Name="/Task6/">
    <Project Path="Tyuiu.SeitovAE.Sprint0.Task6.V0.Lib/Tyuiu.SeitovAE.Sprint0.Task6.V0.Lib.csproj" Id="a6fcde5d-2fb0-4ca1-be2f-1c40f3262cf1" />
    <Project Path="Tyuiu.SeitovAE.Sprint0.Task6.V0.Test/Tyuiu.SeitovAE.Sprint0.Task6.V0.Test.csproj" Id="33a9f4ab-58ce-42c5-8c6a-c03b16c1b035" />
    <Project Path="Tyuiu.SeitovAE.Sprint0.Task6.V0/Tyuiu.SeitovAE.Sprint0.Task6.V0.csproj" Id="7f0c872b-9f98-4486-9606-0bf39359fb68" />
  </Folder>
  <Folder Name="/Task7/">
    <Project Path="Tyuiu.SeitovAE.Sprint0.Task7.V0.Lib/Tyuiu.SeitovAE.Sprint0.Task7.V0.Lib.csproj" Id="7d64679b-7997-431a-8b47-4c2925854ebe" />
    <Project Path="Tyuiu.SeitovAE.Sprint0.Task7.V0.Test/Tyuiu.SeitovAE.Sprint0.Task7.V0.Test.csproj" Id="eeba1f3b-b108-421a-bf24-34ae65a011b7" />
    <Project Path="Tyuiu.SeitovAE.Sprint0.Task7.V0/Tyuiu.SeitovAE.Sprint0.Task7.V0.csproj" Id="ded161f1-add1-41e9-b9e8-0cbf7e262b02" />
  </Folder>
</Solution>
